<?xml version="1.0" encoding="utf-8"?>
<Project ToolsVersion="4.0" xmlns="http://schemas.microsoft.com/developer/msbuild/2003">
  <ItemGroup>
    <Filter Include="Source Files">
      <UniqueIdentifier>{4FC737F1-C7A5-4376-A066-2A32D752A2FF}</UniqueIdentifier>
      <Extensions>cpp;c;cc;cxx;def;odl;idl;hpj;bat;asm;asmx</Extensions>
    </Filter>
    <Filter Include="Header Files">
      <UniqueIdentifier>{93995380-89BD-4b04-88EB-625FBE52EBFB}</UniqueIdentifier>
      <Extensions>h;hpp;hxx;hm;inl;inc;xsd</Extensions>
    </Filter>
    <Filter Include="Resource Files">
      <UniqueIdentifier>{67DA6AB6-F800-4c08-8B7A-83BB121AAD01}</UniqueIdentifier>
      <Extensions>rc;ico;cur;bmp;dlg;rc2;rct;bin;rgs;gif;jpg;jpeg;jpe;resx;tiff;tif;png;wav;mfcribbon-ms</Extensions>
    </Filter>
  </ItemGroup>
  <ItemGroup>
    <ResourceCompile Include="app.rc">
      <Filter>Resource Files</Filter>
    </ResourceCompile>
  </ItemGroup>
  <ItemGroup>
    <ClCompile Include="AssemblyInfo.cpp">
      <Filter>Source Files</Filter>
    </ClCompile>
    <ClCompile Include="BEOPS.cpp">
      <Filter>Source Files</Filter>
    </ClCompile>
    <ClCompile Include="BEOPSDaily.cpp">
      <Filter>Source Files</Filter>
    </ClCompile>
    <ClCompile Include="BEOPSData.cpp">
      <Filter>Source Files</Filter>
    </ClCompile>
    <ClCompile Include="BEOPSInventory.cpp">
      <Filter>Source Files</Filter>
    </ClCompile>
    <ClCompile Include="Daily.cpp">
      <Filter>Source Files</Filter>
    </ClCompile>
    <ClCompile Include="Expense.cpp">
      <Filter>Source Files</Filter>
    </ClCompile>
    <ClCompile Include="frmDaily.cpp">
      <Filter>Source Files</Filter>
    </ClCompile>
    <ClCompile Include="frmInitialValues.cpp">
      <Filter>Source Files</Filter>
    </ClCompile>
    <ClCompile Include="frmInventory.cpp">
      <Filter>Source Files</Filter>
    </ClCompile>
    <ClCompile Include="frmMethod1Input.cpp">
      <Filter>Source Files</Filter>
    </ClCompile>
    <ClCompile Include="frmMethod2Input.cpp">
      <Filter>Source Files</Filter>
    </ClCompile>
    <ClCompile Include="frmPrintWindow.cpp">
      <Filter>Source Files</Filter>
    </ClCompile>
    <ClCompile Include="frmReports.cpp">
      <Filter>Source Files</Filter>
    </ClCompile>
    <ClCompile Include="frmVehicleReportMenu.cpp">
      <Filter>Source Files</Filter>
    </ClCompile>
    <ClCompile Include="Income.cpp">
      <Filter>Source Files</Filter>
    </ClCompile>
    <ClCompile Include="InitialValues.cpp">
      <Filter>Source Files</Filter>
    </ClCompile>
    <ClCompile Include="Inventory.cpp">
      <Filter>Source Files</Filter>
    </ClCompile>
    <ClCompile Include="MonthlyInventory.cpp">
      <Filter>Source Files</Filter>
    </ClCompile>
    <ClCompile Include="stdafx.cpp">
      <Filter>Source Files</Filter>
    </ClCompile>
    <ClCompile Include="VehicleExpense.cpp">
      <Filter>Source Files</Filter>
    </ClCompile>
  </ItemGroup>
  <ItemGroup>
    <None Include="BEOPS.ico">
      <Filter>Resource Files</Filter>
    </None>
    <None Include="BEOPS32.ico">
      <Filter>Resource Files</Filter>
    </None>
    <None Include="BEOPSGlobals.datasource" />
    <None Include="ReadMe.txt" />
  </ItemGroup>
  <ItemGroup>
    <ClInclude Include="BEOPSDaily.h">
      <Filter>Header Files</Filter>
    </ClInclude>
    <ClInclude Include="BEOPSData.h">
      <Filter>Header Files</Filter>
    </ClInclude>
    <ClInclude Include="BEOPSGlobals.h">
      <Filter>Header Files</Filter>
    </ClInclude>
    <ClInclude Include="BEOPSInventory.h">
      <Filter>Header Files</Filter>
    </ClInclude>
    <ClInclude Include="Daily.h">
      <Filter>Header Files</Filter>
    </ClInclude>
    <ClInclude Include="Expense.h">
      <Filter>Header Files</Filter>
    </ClInclude>
    <ClInclude Include="frmDaily.h">
      <Filter>Header Files</Filter>
    </ClInclude>
    <ClInclude Include="frmInitialValues.h">
      <Filter>Header Files</Filter>
    </ClInclude>
    <ClInclude Include="frmInventory.h">
      <Filter>Header Files</Filter>
    </ClInclude>
    <ClInclude Include="frmMainMenu.h">
      <Filter>Header Files</Filter>
    </ClInclude>
    <ClInclude Include="frmMethod1Input.h">
      <Filter>Header Files</Filter>
    </ClInclude>
    <ClInclude Include="frmMethod2Input.h">
      <Filter>Header Files</Filter>
    </ClInclude>
    <ClInclude Include="frmPrintWindow.h">
      <Filter>Header Files</Filter>
    </ClInclude>
    <ClInclude Include="frmReports.h">
      <Filter>Header Files</Filter>
    </ClInclude>
    <ClInclude Include="frmVehicleReportMenu.h">
      <Filter>Header Files</Filter>
    </ClInclude>
    <ClInclude Include="Income.h">
      <Filter>Header Files</Filter>
    </ClInclude>
    <ClInclude Include="InitialValues.h">
      <Filter>Header Files</Filter>
    </ClInclude>
    <ClInclude Include="Inventory.h">
      <Filter>Header Files</Filter>
    </ClInclude>
    <ClInclude Include="MonthlyInventory.h">
      <Filter>Header Files</Filter>
    </ClInclude>
    <ClInclude Include="resource.h">
      <Filter>Header Files</Filter>
    </ClInclude>
    <ClInclude Include="stdafx.h">
      <Filter>Header Files</Filter>
    </ClInclude>
    <ClInclude Include="VehicleExpense.h">
      <Filter>Header Files</Filter>
    </ClInclude>
  </ItemGroup>
  <ItemGroup>
    <EmbeddedResource Include="frmDaily.resx">
      <Filter>Resource Files</Filter>
    </EmbeddedResource>
    <EmbeddedResource Include="frmInitialValues.resx">
      <Filter>Resource Files</Filter>
    </EmbeddedResource>
    <EmbeddedResource Include="frmInventory.resx">
      <Filter>Resource Files</Filter>
    </EmbeddedResource>
    <EmbeddedResource Include="frmMainMenu.resX">
      <Filter>Resource Files</Filter>
    </EmbeddedResource>
    <EmbeddedResource Include="frmMethod1Input.resx">
      <Filter>Resource Files</Filter>
    </EmbeddedResource>
    <EmbeddedResource Include="frmMethod2Input.resx">
      <Filter>Resource Files</Filter>
    </EmbeddedResource>
    <EmbeddedResource Include="frmPrintWindow.resx">
      <Filter>Resource Files</Filter>
    </EmbeddedResource>
    <EmbeddedResource Include="frmReports.resx">
      <Filter>Resource Files</Filter>
    </EmbeddedResource>
    <EmbeddedResource Include="frmVehicleReportMenu.resx">
      <Filter>Resource Files</Filter>
    </EmbeddedResource>
  </ItemGroup>
</Project>